
Microsoft Visual Studio Solution File, Format Version 12.00
# Visual Studio Version 17
VisualStudioVersion = 17.10.35027.167
MinimumVisualStudioVersion = 10.0.40219.1
Project("{9A19103F-16F7-4668-BE54-9A1E7A4F7556}") = "FlashCards", "FlashCards\FlashCards.csproj", "{7CC25A8D-448B-4206-AFB8-224AADBDA28A}"
EndProject
Project("{9A19103F-16F7-4668-BE54-9A1E7A4F7556}") = "FlashCards.Core", "FlashCards.Core\FlashCards.Core.csproj", "{353B9BC4-A7E8-4BE7-B766-4EDFF1CD8813}"
EndProject
Global
	GlobalSection(SolutionConfigurationPlatforms) = preSolution
		Debug|Any CPU = Debug|Any CPU
		Debug|arm64 = Debug|arm64
		Debug|x64 = Debug|x64
		Debug|x86 = Debug|x86
		Release|Any CPU = Release|Any CPU
		Release|arm64 = Release|arm64
		Release|x64 = Release|x64
		Release|x86 = Release|x86
	EndGlobalSection
	GlobalSection(ProjectConfigurationPlatforms) = postSolution
		{7CC25A8D-448B-4206-AFB8-224AADBDA28A}.Debug|Any CPU.ActiveCfg = Debug|x64
		{7CC25A8D-448B-4206-AFB8-224AADBDA28A}.Debug|Any CPU.Build.0 = Debug|x64
		{7CC25A8D-448B-4206-AFB8-224AADBDA28A}.Debug|Any CPU.Deploy.0 = Debug|x64
		{7CC25A8D-448B-4206-AFB8-224AADBDA28A}.Debug|arm64.ActiveCfg = Debug|arm64
		{7CC25A8D-448B-4206-AFB8-224AADBDA28A}.Debug|arm64.Build.0 = Debug|arm64
		{7CC25A8D-448B-4206-AFB8-224AADBDA28A}.Debug|arm64.Deploy.0 = Debug|arm64
		{7CC25A8D-448B-4206-AFB8-224AADBDA28A}.Debug|x64.ActiveCfg = Debug|x64
		{7CC25A8D-448B-4206-AFB8-224AADBDA28A}.Debug|x64.Build.0 = Debug|x64
		{7CC25A8D-448B-4206-AFB8-224AADBDA28A}.Debug|x64.Deploy.0 = Debug|x64
		{7CC25A8D-448B-4206-AFB8-224AADBDA28A}.Debug|x86.ActiveCfg = Debug|x86
		{7CC25A8D-448B-4206-AFB8-224AADBDA28A}.Debug|x86.Build.0 = Debug|x86
		{7CC25A8D-448B-4206-AFB8-224AADBDA28A}.Debug|x86.Deploy.0 = Debug|x86
		{7CC25A8D-448B-4206-AFB8-224AADBDA28A}.Release|Any CPU.ActiveCfg = Release|x64
		{7CC25A8D-448B-4206-AFB8-224AADBDA28A}.Release|Any CPU.Build.0 = Release|x64
		{7CC25A8D-448B-4206-AFB8-224AADBDA28A}.Release|Any CPU.Deploy.0 = Release|x64
		{7CC25A8D-448B-4206-AFB8-224AADBDA28A}.Release|arm64.ActiveCfg = Release|arm64
		{7CC25A8D-448B-4206-AFB8-224AADBDA28A}.Release|arm64.Build.0 = Release|arm64
		{7CC25A8D-448B-4206-AFB8-224AADBDA28A}.Release|arm64.Deploy.0 = Release|arm64
		{7CC25A8D-448B-4206-AFB8-224AADBDA28A}.Release|x64.ActiveCfg = Release|x64
		{7CC25A8D-448B-4206-AFB8-224AADBDA28A}.Release|x64.Build.0 = Release|x64
		{7CC25A8D-448B-4206-AFB8-224AADBDA28A}.Release|x64.Deploy.0 = Release|x64
		{7CC25A8D-448B-4206-AFB8-224AADBDA28A}.Release|x86.ActiveCfg = Release|x86
		{7CC25A8D-448B-4206-AFB8-224AADBDA28A}.Release|x86.Build.0 = Release|x86
		{7CC25A8D-448B-4206-AFB8-224AADBDA28A}.Release|x86.Deploy.0 = Release|x86
		{353B9BC4-A7E8-4BE7-B766-4EDFF1CD8813}.Debug|Any CPU.ActiveCfg = Debug|Any CPU
		{353B9BC4-A7E8-4BE7-B766-4EDFF1CD8813}.Debug|Any CPU.Build.0 = Debug|Any CPU
		{353B9BC4-A7E8-4BE7-B766-4EDFF1CD8813}.Debug|arm64.ActiveCfg = Debug|arm64
		{353B9BC4-A7E8-4BE7-B766-4EDFF1CD8813}.Debug|arm64.Build.0 = Debug|arm64
		{353B9BC4-A7E8-4BE7-B766-4EDFF1CD8813}.Debug|x64.ActiveCfg = Debug|x64
		{353B9BC4-A7E8-4BE7-B766-4EDFF1CD8813}.Debug|x64.Build.0 = Debug|x64
		{353B9BC4-A7E8-4BE7-B766-4EDFF1CD8813}.Debug|x86.ActiveCfg = Debug|x86
		{353B9BC4-A7E8-4BE7-B766-4EDFF1CD8813}.Debug|x86.Build.0 = Debug|x86
		{353B9BC4-A7E8-4BE7-B766-4EDFF1CD8813}.Release|Any CPU.ActiveCfg = Release|Any CPU
		{353B9BC4-A7E8-4BE7-B766-4EDFF1CD8813}.Release|Any CPU.Build.0 = Release|Any CPU
		{353B9BC4-A7E8-4BE7-B766-4EDFF1CD8813}.Release|arm64.ActiveCfg = Release|arm64
		{353B9BC4-A7E8-4BE7-B766-4EDFF1CD8813}.Release|arm64.Build.0 = Release|arm64
		{353B9BC4-A7E8-4BE7-B766-4EDFF1CD8813}.Release|x64.ActiveCfg = Release|x64
		{353B9BC4-A7E8-4BE7-B766-4EDFF1CD8813}.Release|x64.Build.0 = Release|x64
		{353B9BC4-A7E8-4BE7-B766-4EDFF1CD8813}.Release|x86.ActiveCfg = Release|x86
		{353B9BC4-A7E8-4BE7-B766-4EDFF1CD8813}.Release|x86.Build.0 = Release|x86
	EndGlobalSection
	GlobalSection(SolutionProperties) = preSolution
		HideSolutionNode = FALSE
	EndGlobalSection
	GlobalSection(ExtensibilityGlobals) = postSolution
		SolutionGuid = {AC3EE943-79C4-47FC-8B7A-7D7E653AA1EE}
	EndGlobalSection
EndGlobal
